# THIS IS AN AUTOGENERATED FILE. DO NOT EDIT THIS FILE DIRECTLY.
# yarn lockfile v1


"@babel/runtime@^7.9.2":
  version "7.15.4"
  resolved "https://registry.yarnpkg.com/@babel/runtime/-/runtime-7.15.4.tgz#fd17d16bfdf878e6dd02d19753a39fa8a8d9c84a"
  integrity sha512-99catp6bHCaxr4sJ/DbTGgHS4+Rs2RVd2g7iOap6SLGPDknRK9ztKNsE/Fg6QhSeh1FGE5f6gHGQmvvn3I3xhw==
  dependencies:
    regenerator-runtime "^0.13.4"

"@improbable-eng/grpc-web@^0.14.1":
  version "0.14.1"
  resolved "https://registry.yarnpkg.com/@improbable-eng/grpc-web/-/grpc-web-0.14.1.tgz#f4662f64dc89c0f956a94bb8a3b576556c74589c"
  integrity sha512-XaIYuunepPxoiGVLLHmlnVminUGzBTnXr8Wv7khzmLWbNw4TCwJKX09GSMJlKhu/TRk6gms0ySFxewaETSBqgw==
  dependencies:
    browser-headers "^0.4.1"

"@reduxjs/toolkit@^1.6.1":
  version "1.6.1"
  resolved "https://registry.yarnpkg.com/@reduxjs/toolkit/-/toolkit-1.6.1.tgz#7bc83b47352a663bf28db01e79d17ba54b98ade9"
  integrity sha512-pa3nqclCJaZPAyBhruQtiRwtTjottRrVJqziVZcWzI73i6L3miLTtUyWfauwv08HWtiXLx1xGyGt+yLFfW/d0A==
  dependencies:
    immer "^9.0.1"
    redux "^4.1.0"
    redux-thunk "^2.3.0"
    reselect "^4.0.0"

"@types/google-protobuf@^3.15.5":
  version "3.15.5"
  resolved "https://registry.yarnpkg.com/@types/google-protobuf/-/google-protobuf-3.15.5.tgz#644b2be0f5613b1f822c70c73c6b0e0b5b5fa2ad"
  integrity sha512-6bgv24B+A2bo9AfzReeg5StdiijKzwwnRflA8RLd1V4Yv995LeTmo0z69/MPbBDFSiZWdZHQygLo/ccXhMEDgw==

browser-headers@^0.4.1:
  version "0.4.1"
  resolved "https://registry.yarnpkg.com/browser-headers/-/browser-headers-0.4.1.tgz#4308a7ad3b240f4203dbb45acedb38dc2d65dd02"
  integrity sha512-CA9hsySZVo9371qEHjHZtYxV2cFtVj5Wj/ZHi8ooEsrtm4vOnl9Y9HmyYWk9q+05d7K3rdoAE0j3MVEFVvtQtg==

google-protobuf@^3.18.0-rc.2:
  version "3.18.0-rc.2"
  resolved "https://registry.yarnpkg.com/google-protobuf/-/google-protobuf-3.18.0-rc.2.tgz#b35934083724ed0e78a789309739c75a8136ea32"
  integrity sha512-mKZG5WYrwR/y1mA8xB+qI1O/6Pmvu4V6zldf+dpHdx6zoyVWT5lJTyXU8rAlpL7jtbe47e6M9L4PyWnKsYMOXQ==

immer@^9.0.1:
  version "9.0.6"
  resolved "https://registry.yarnpkg.com/immer/-/immer-9.0.6.tgz#7a96bf2674d06c8143e327cbf73539388ddf1a73"
  integrity sha512-G95ivKpy+EvVAnAab4fVa4YGYn24J1SpEktnJX7JJ45Bd7xqME/SCplFzYFmTbrkwZbQ4xJK1xMTUYBkN6pWsQ==

redux-thunk@^2.3.0:
  version "2.3.0"
  resolved "https://registry.yarnpkg.com/redux-thunk/-/redux-thunk-2.3.0.tgz#51c2c19a185ed5187aaa9a2d08b666d0d6467622"
  integrity sha512-km6dclyFnmcvxhAcrQV2AkZmPQjzPDjgVlQtR0EQjxZPyJ0BnMf3in1ryuR8A2qU0HldVRfxYXbFSKlI3N7Slw==

redux@^4.1.0:
  version "4.1.1"
  resolved "https://registry.yarnpkg.com/redux/-/redux-4.1.1.tgz#76f1c439bb42043f985fbd9bf21990e60bd67f47"
  integrity sha512-hZQZdDEM25UY2P493kPYuKqviVwZ58lEmGQNeQ+gXa+U0gYPUBf7NKYazbe3m+bs/DzM/ahN12DbF+NG8i0CWw==
  dependencies:
    "@babel/runtime" "^7.9.2"

regenerator-runtime@^0.13.4:
  version "0.13.9"
  resolved "https://registry.yarnpkg.com/regenerator-runtime/-/regenerator-runtime-0.13.9.tgz#8925742a98ffd90814988d7566ad30ca3b263b52"
  integrity sha512-p3VT+cOEgxFsRRA9X4lkI1E+k2/CtnKtU4gcxyaCUreilL/vqI6CdZ3wxVUx3UOUg+gnUOQQcRI7BmSI656MYA==

reselect@^4.0.0:
  version "4.0.0"
  resolved "https://registry.yarnpkg.com/reselect/-/reselect-4.0.0.tgz#f2529830e5d3d0e021408b246a206ef4ea4437f7"
  integrity sha512-qUgANli03jjAyGlnbYVAV5vvnOmJnODyABz51RdBN7M4WaVu8mecZWgyQNkG8Yqe3KRGRt0l4K4B3XVEULC4CA==

typescript@^4.4.2:
  version "4.4.2"
  resolved "https://registry.yarnpkg.com/typescript/-/typescript-4.4.2.tgz#6d618640d430e3569a1dfb44f7d7e600ced3ee86"
  integrity sha512-gzP+t5W4hdy4c+68bfcv0t400HVJMMd2+H9B7gae1nQlBzCqvrXX+6GL/b3GAgyTH966pzrZ70/fRjwAtZksSQ==
